
Microsoft Visual Studio Solution File, Format Version 12.00
# Visual Studio Version 17
VisualStudioVersion = 17.8.34316.72
MinimumVisualStudioVersion = 10.0.40219.1
Project("{9A19103F-16F7-4668-BE54-9A1E7A4F7556}") = "DAL_QLSTK", "DAL_QLSTK\DAL_QLSTK.csproj", "{248BCF8D-7868-41E3-8B4F-C7A0571941C8}"
EndProject
Project("{9A19103F-16F7-4668-BE54-9A1E7A4F7556}") = "BUS_QLSTK", "BUS_QLSTK\BUS_QLSTK.csproj", "{F70B90AF-D50C-4476-81DD-60688C5C382D}"
EndProject
Project("{9A19103F-16F7-4668-BE54-9A1E7A4F7556}") = "DTO_QLSTK", "DTO_QLSTK\DTO_QLSTK.csproj", "{7E98CB3D-8560-40A5-8CDA-2971AB8DC0A1}"
EndProject
Project("{9A19103F-16F7-4668-BE54-9A1E7A4F7556}") = "GUI_QLSTK", "GUI_QLSTK\GUI_QLSTK.csproj", "{6E8CEF2E-96AD-4100-95A0-3DDC97C2AABB}"
EndProject
Project("{FAE04EC0-301F-11D3-BF4B-00C04F79EFBC}") = "UI for test", "UI for test\UI for test.csproj", "{C52EE35B-4A27-4A0A-8814-1BADDA1A8BBD}"
EndProject
Global
	GlobalSection(SolutionConfigurationPlatforms) = preSolution
		Debug|Any CPU = Debug|Any CPU
		Release|Any CPU = Release|Any CPU
	EndGlobalSection
	GlobalSection(ProjectConfigurationPlatforms) = postSolution
		{248BCF8D-7868-41E3-8B4F-C7A0571941C8}.Debug|Any CPU.ActiveCfg = Debug|Any CPU
		{248BCF8D-7868-41E3-8B4F-C7A0571941C8}.Debug|Any CPU.Build.0 = Debug|Any CPU
		{248BCF8D-7868-41E3-8B4F-C7A0571941C8}.Release|Any CPU.ActiveCfg = Release|Any CPU
		{248BCF8D-7868-41E3-8B4F-C7A0571941C8}.Release|Any CPU.Build.0 = Release|Any CPU
		{F70B90AF-D50C-4476-81DD-60688C5C382D}.Debug|Any CPU.ActiveCfg = Debug|Any CPU
		{F70B90AF-D50C-4476-81DD-60688C5C382D}.Debug|Any CPU.Build.0 = Debug|Any CPU
		{F70B90AF-D50C-4476-81DD-60688C5C382D}.Release|Any CPU.ActiveCfg = Release|Any CPU
		{F70B90AF-D50C-4476-81DD-60688C5C382D}.Release|Any CPU.Build.0 = Release|Any CPU
		{7E98CB3D-8560-40A5-8CDA-2971AB8DC0A1}.Debug|Any CPU.ActiveCfg = Debug|Any CPU
		{7E98CB3D-8560-40A5-8CDA-2971AB8DC0A1}.Debug|Any CPU.Build.0 = Debug|Any CPU
		{7E98CB3D-8560-40A5-8CDA-2971AB8DC0A1}.Release|Any CPU.ActiveCfg = Release|Any CPU
		{7E98CB3D-8560-40A5-8CDA-2971AB8DC0A1}.Release|Any CPU.Build.0 = Release|Any CPU
		{6E8CEF2E-96AD-4100-95A0-3DDC97C2AABB}.Debug|Any CPU.ActiveCfg = Debug|Any CPU
		{6E8CEF2E-96AD-4100-95A0-3DDC97C2AABB}.Debug|Any CPU.Build.0 = Debug|Any CPU
		{6E8CEF2E-96AD-4100-95A0-3DDC97C2AABB}.Release|Any CPU.ActiveCfg = Release|Any CPU
		{6E8CEF2E-96AD-4100-95A0-3DDC97C2AABB}.Release|Any CPU.Build.0 = Release|Any CPU
		{C52EE35B-4A27-4A0A-8814-1BADDA1A8BBD}.Debug|Any CPU.ActiveCfg = Debug|Any CPU
		{C52EE35B-4A27-4A0A-8814-1BADDA1A8BBD}.Debug|Any CPU.Build.0 = Debug|Any CPU
		{C52EE35B-4A27-4A0A-8814-1BADDA1A8BBD}.Release|Any CPU.ActiveCfg = Release|Any CPU
		{C52EE35B-4A27-4A0A-8814-1BADDA1A8BBD}.Release|Any CPU.Build.0 = Release|Any CPU
	EndGlobalSection
	GlobalSection(SolutionProperties) = preSolution
		HideSolutionNode = FALSE
	EndGlobalSection
	GlobalSection(ExtensibilityGlobals) = postSolution
		SolutionGuid = {A5726884-8D58-415D-930D-BF73C8F42167}
	EndGlobalSection
EndGlobal
